
Microsoft Visual Studio Solution File, Format Version 12.00
# Visual Studio Version 17
VisualStudioVersion = 17.9.34723.18
MinimumVisualStudioVersion = 10.0.40219.1
Project("{9A19103F-16F7-4668-BE54-9A1E7A4F7556}") = "week2", "week2\week2.csproj", "{2BAA1056-B791-4793-8BF2-0EBC7BCD97DC}"
EndProject
Project("{9A19103F-16F7-4668-BE54-9A1E7A4F7556}") = "UserGenderValidation", "UserAgeValidation\UserGenderValidation.csproj", "{9B15630D-9726-4E56-A240-F607CB518BF5}"
EndProject
Project("{FAE04EC0-301F-11D3-BF4B-00C04F79EFBC}") = "UserAgeValidation1", "UserAgeValidation1\UserAgeValidation1.csproj", "{6C39D9E6-1E65-4394-BED6-96E395E241E5}"
EndProject
Global
	GlobalSection(SolutionConfigurationPlatforms) = preSolution
		Debug|Any CPU = Debug|Any CPU
		Release|Any CPU = Release|Any CPU
	EndGlobalSection
	GlobalSection(ProjectConfigurationPlatforms) = postSolution
		{2BAA1056-B791-4793-8BF2-0EBC7BCD97DC}.Debug|Any CPU.ActiveCfg = Debug|Any CPU
		{2BAA1056-B791-4793-8BF2-0EBC7BCD97DC}.Debug|Any CPU.Build.0 = Debug|Any CPU
		{2BAA1056-B791-4793-8BF2-0EBC7BCD97DC}.Release|Any CPU.ActiveCfg = Release|Any CPU
		{2BAA1056-B791-4793-8BF2-0EBC7BCD97DC}.Release|Any CPU.Build.0 = Release|Any CPU
		{9B15630D-9726-4E56-A240-F607CB518BF5}.Debug|Any CPU.ActiveCfg = Debug|Any CPU
		{9B15630D-9726-4E56-A240-F607CB518BF5}.Debug|Any CPU.Build.0 = Debug|Any CPU
		{9B15630D-9726-4E56-A240-F607CB518BF5}.Release|Any CPU.ActiveCfg = Release|Any CPU
		{9B15630D-9726-4E56-A240-F607CB518BF5}.Release|Any CPU.Build.0 = Release|Any CPU
		{6C39D9E6-1E65-4394-BED6-96E395E241E5}.Debug|Any CPU.ActiveCfg = Debug|Any CPU
		{6C39D9E6-1E65-4394-BED6-96E395E241E5}.Debug|Any CPU.Build.0 = Debug|Any CPU
		{6C39D9E6-1E65-4394-BED6-96E395E241E5}.Release|Any CPU.ActiveCfg = Release|Any CPU
		{6C39D9E6-1E65-4394-BED6-96E395E241E5}.Release|Any CPU.Build.0 = Release|Any CPU
	EndGlobalSection
	GlobalSection(SolutionProperties) = preSolution
		HideSolutionNode = FALSE
	EndGlobalSection
	GlobalSection(ExtensibilityGlobals) = postSolution
		SolutionGuid = {415372E6-3659-4A15-9C06-FAA54F6E7740}
	EndGlobalSection
EndGlobal
